// !$*UTF8*$!
{
	archiveVersion = 1;
	classes = {
	};
	objectVersion = 50;
	objects = {

/* Begin PBXBuildFile section */
		C43D1FB82627FF1C005E4938 /* SeanAllen.json in Resources */ = {isa = PBXBuildFile; fileRef = C43D1FB72627FF1C005E4938 /* SeanAllen.json */; };
		C43D1FBF26280648005E4938 /* Section1Cell.swift in Sources */ = {isa = PBXBuildFile; fileRef = C44FEFE1261060AF00DCA4C3 /* Section1Cell.swift */; };
		C43D1FC226280696005E4938 /* SeanAllenCell.swift in Sources */ = {isa = PBXBuildFile; fileRef = C43D1FC126280696005E4938 /* SeanAllenCell.swift */; };
		C44FEFDE2610603300DCA4C3 /* Constants.swift in Sources */ = {isa = PBXBuildFile; fileRef = C44FEFDD2610603300DCA4C3 /* Constants.swift */; };
		C44FEFEC2610731000DCA4C3 /* Service.swift in Sources */ = {isa = PBXBuildFile; fileRef = C44FEFEB2610731000DCA4C3 /* Service.swift */; };
		C44FEFF526107CFA00DCA4C3 /* ChallengeViewModel.swift in Sources */ = {isa = PBXBuildFile; fileRef = C44FEFE72610704000DCA4C3 /* ChallengeViewModel.swift */; };
		C44FF0002610878300DCA4C3 /* AnswerController.swift in Sources */ = {isa = PBXBuildFile; fileRef = C4B31E81260F4CF100735A9F /* AnswerController.swift */; };
		C46D8C4A260F069200F77633 /* AppDelegate.swift in Sources */ = {isa = PBXBuildFile; fileRef = C46D8C49260F069200F77633 /* AppDelegate.swift */; };
		C46D8C4C260F069200F77633 /* SceneDelegate.swift in Sources */ = {isa = PBXBuildFile; fileRef = C46D8C4B260F069200F77633 /* SceneDelegate.swift */; };
		C46D8C51260F069200F77633 /* Main.storyboard in Resources */ = {isa = PBXBuildFile; fileRef = C46D8C4F260F069200F77633 /* Main.storyboard */; };
		C46D8C53260F069400F77633 /* Assets.xcassets in Resources */ = {isa = PBXBuildFile; fileRef = C46D8C52260F069400F77633 /* Assets.xcassets */; };
		C46D8C56260F069400F77633 /* LaunchScreen.storyboard in Resources */ = {isa = PBXBuildFile; fileRef = C46D8C54260F069400F77633 /* LaunchScreen.storyboard */; };
		C46D8C89260F06FD00F77633 /* UIViewController.swift in Sources */ = {isa = PBXBuildFile; fileRef = C46D8C88260F06FD00F77633 /* UIViewController.swift */; };
		C46D8C8E260F0CCE00F77633 /* BasicButton.swift in Sources */ = {isa = PBXBuildFile; fileRef = C46D8C8D260F0CCE00F77633 /* BasicButton.swift */; };
		C485D8DB261D572200C39BD6 /* ChallengeSection1.json in Resources */ = {isa = PBXBuildFile; fileRef = C485D8DA261D572200C39BD6 /* ChallengeSection1.json */; };
		C4B31E54260F14A200735A9F /* MainTabController.swift in Sources */ = {isa = PBXBuildFile; fileRef = C4B31E53260F14A200735A9F /* MainTabController.swift */; };
		C4B31E57260F14CD00735A9F /* Section1Controller.swift in Sources */ = {isa = PBXBuildFile; fileRef = C46D8C4D260F069200F77633 /* Section1Controller.swift */; };
		C4B31E71260F17FF00735A9F /* Section2Controller.swift in Sources */ = {isa = PBXBuildFile; fileRef = C4B31E70260F17FF00735A9F /* Section2Controller.swift */; };
		C4B31E74260F181700735A9F /* Section3Controller.swift in Sources */ = {isa = PBXBuildFile; fileRef = C4B31E73260F181700735A9F /* Section3Controller.swift */; };
		C4B31E77260F186600735A9F /* Section4Controller.swift in Sources */ = {isa = PBXBuildFile; fileRef = C4B31E76260F186600735A9F /* Section4Controller.swift */; };
		C4B31E7B260F188800735A9F /* SeanAllenController.swift in Sources */ = {isa = PBXBuildFile; fileRef = C4B31E7A260F188800735A9F /* SeanAllenController.swift */; };
		C4B31E7F260F1E0A00735A9F /* BasicTextView.swift in Sources */ = {isa = PBXBuildFile; fileRef = C4B31E7E260F1E0A00735A9F /* BasicTextView.swift */; };
		C4B31E86260F4D5400735A9F /* Challenge.swift in Sources */ = {isa = PBXBuildFile; fileRef = C4B31E85260F4D5400735A9F /* Challenge.swift */; };
		C4B31E89260F581800735A9F /* Protocol.swift in Sources */ = {isa = PBXBuildFile; fileRef = C4B31E88260F581800735A9F /* Protocol.swift */; };
		C4C13530261179BC00097311 /* UserDefaultsBacked.swift in Sources */ = {isa = PBXBuildFile; fileRef = C4C1352F261179BC00097311 /* UserDefaultsBacked.swift */; };
		C4C135352611D92200097311 /* UserDefaults.swift in Sources */ = {isa = PBXBuildFile; fileRef = C4C135342611D92200097311 /* UserDefaults.swift */; };
/* End PBXBuildFile section */

/* Begin PBXFileReference section */
		427B3DACBD360C6877301B46 /* Pods-HWS Swift Coding Challenges Tester.release.xcconfig */ = {isa = PBXFileReference; includeInIndex = 1; lastKnownFileType = text.xcconfig; name = "Pods-HWS Swift Coding Challenges Tester.release.xcconfig"; path = "Target Support Files/Pods-HWS Swift Coding Challenges Tester/Pods-HWS Swift Coding Challenges Tester.release.xcconfig"; sourceTree = "<group>"; };
		6651EC18822DC3A6756CEDC3 /* Pods-HWS Swift Coding Challenges Tester.debug.xcconfig */ = {isa = PBXFileReference; includeInIndex = 1; lastKnownFileType = text.xcconfig; name = "Pods-HWS Swift Coding Challenges Tester.debug.xcconfig"; path = "Target Support Files/Pods-HWS Swift Coding Challenges Tester/Pods-HWS Swift Coding Challenges Tester.debug.xcconfig"; sourceTree = "<group>"; };
		C43D1FB72627FF1C005E4938 /* SeanAllen.json */ = {isa = PBXFileReference; lastKnownFileType = text.json; path = SeanAllen.json; sourceTree = "<group>"; };
		C43D1FBA2627FF59005E4938 /* HWSTester.playground */ = {isa = PBXFileReference; lastKnownFileType = file.playground; path = HWSTester.playground; sourceTree = "<group>"; xcLanguageSpecificationIdentifier = xcode.lang.swift; };
		C43D1FC126280696005E4938 /* SeanAllenCell.swift */ = {isa = PBXFileReference; lastKnownFileType = sourcecode.swift; path = SeanAllenCell.swift; sourceTree = "<group>"; };
		C44FEFDD2610603300DCA4C3 /* Constants.swift */ = {isa = PBXFileReference; lastKnownFileType = sourcecode.swift; path = Constants.swift; sourceTree = "<group>"; };
		C44FEFE1261060AF00DCA4C3 /* Section1Cell.swift */ = {isa = PBXFileReference; lastKnownFileType = sourcecode.swift; path = Section1Cell.swift; sourceTree = "<group>"; };
		C44FEFE72610704000DCA4C3 /* ChallengeViewModel.swift */ = {isa = PBXFileReference; lastKnownFileType = sourcecode.swift; path = ChallengeViewModel.swift; sourceTree = "<group>"; };
		C44FEFEB2610731000DCA4C3 /* Service.swift */ = {isa = PBXFileReference; lastKnownFileType = sourcecode.swift; path = Service.swift; sourceTree = "<group>"; };
		C46D8C46260F069100F77633 /* HWS Swift Coding Challenges Tester.app */ = {isa = PBXFileReference; explicitFileType = wrapper.application; includeInIndex = 0; path = "HWS Swift Coding Challenges Tester.app"; sourceTree = BUILT_PRODUCTS_DIR; };
		C46D8C49260F069200F77633 /* AppDelegate.swift */ = {isa = PBXFileReference; lastKnownFileType = sourcecode.swift; path = AppDelegate.swift; sourceTree = "<group>"; };
		C46D8C4B260F069200F77633 /* SceneDelegate.swift */ = {isa = PBXFileReference; lastKnownFileType = sourcecode.swift; path = SceneDelegate.swift; sourceTree = "<group>"; };
		C46D8C4D260F069200F77633 /* Section1Controller.swift */ = {isa = PBXFileReference; lastKnownFileType = sourcecode.swift; path = Section1Controller.swift; sourceTree = "<group>"; };
		C46D8C50260F069200F77633 /* Base */ = {isa = PBXFileReference; lastKnownFileType = file.storyboard; name = Base; path = Base.lproj/Main.storyboard; sourceTree = "<group>"; };
		C46D8C52260F069400F77633 /* Assets.xcassets */ = {isa = PBXFileReference; lastKnownFileType = folder.assetcatalog; path = Assets.xcassets; sourceTree = "<group>"; };
		C46D8C55260F069400F77633 /* Base */ = {isa = PBXFileReference; lastKnownFileType = file.storyboard; name = Base; path = Base.lproj/LaunchScreen.storyboard; sourceTree = "<group>"; };
		C46D8C57260F069400F77633 /* Info.plist */ = {isa = PBXFileReference; lastKnownFileType = text.plist.xml; path = Info.plist; sourceTree = "<group>"; };
		C46D8C88260F06FD00F77633 /* UIViewController.swift */ = {isa = PBXFileReference; lastKnownFileType = sourcecode.swift; path = UIViewController.swift; sourceTree = "<group>"; };
		C46D8C8D260F0CCE00F77633 /* BasicButton.swift */ = {isa = PBXFileReference; lastKnownFileType = sourcecode.swift; path = BasicButton.swift; sourceTree = "<group>"; };
		C485D8DA261D572200C39BD6 /* ChallengeSection1.json */ = {isa = PBXFileReference; lastKnownFileType = text.json; path = ChallengeSection1.json; sourceTree = "<group>"; };
		C4B31E53260F14A200735A9F /* MainTabController.swift */ = {isa = PBXFileReference; lastKnownFileType = sourcecode.swift; path = MainTabController.swift; sourceTree = "<group>"; };
		C4B31E70260F17FF00735A9F /* Section2Controller.swift */ = {isa = PBXFileReference; lastKnownFileType = sourcecode.swift; path = Section2Controller.swift; sourceTree = "<group>"; };
		C4B31E73260F181700735A9F /* Section3Controller.swift */ = {isa = PBXFileReference; lastKnownFileType = sourcecode.swift; path = Section3Controller.swift; sourceTree = "<group>"; };
		C4B31E76260F186600735A9F /* Section4Controller.swift */ = {isa = PBXFileReference; lastKnownFileType = sourcecode.swift; path = Section4Controller.swift; sourceTree = "<group>"; };
		C4B31E7A260F188800735A9F /* SeanAllenController.swift */ = {isa = PBXFileReference; lastKnownFileType = sourcecode.swift; path = SeanAllenController.swift; sourceTree = "<group>"; };
		C4B31E7E260F1E0A00735A9F /* BasicTextView.swift */ = {isa = PBXFileReference; lastKnownFileType = sourcecode.swift; path = BasicTextView.swift; sourceTree = "<group>"; };
		C4B31E81260F4CF100735A9F /* AnswerController.swift */ = {isa = PBXFileReference; lastKnownFileType = sourcecode.swift; path = AnswerController.swift; sourceTree = "<group>"; };
		C4B31E85260F4D5400735A9F /* Challenge.swift */ = {isa = PBXFileReference; lastKnownFileType = sourcecode.swift; path = Challenge.swift; sourceTree = "<group>"; };
		C4B31E88260F581800735A9F /* Protocol.swift */ = {isa = PBXFileReference; lastKnownFileType = sourcecode.swift; path = Protocol.swift; sourceTree = "<group>"; };
		C4C1352F261179BC00097311 /* UserDefaultsBacked.swift */ = {isa = PBXFileReference; lastKnownFileType = sourcecode.swift; path = UserDefaultsBacked.swift; sourceTree = "<group>"; };
		C4C135342611D92200097311 /* UserDefaults.swift */ = {isa = PBXFileReference; lastKnownFileType = sourcecode.swift; path = UserDefaults.swift; sourceTree = "<group>"; };
/* End PBXFileReference section */

/* Begin PBXFrameworksBuildPhase section */
		C46D8C43260F069100F77633 /* Frameworks */ = {
			isa = PBXFrameworksBuildPhase;
			buildActionMask = 2147483647;
			files = (
			);
			runOnlyForDeploymentPostprocessing = 0;
		};
/* End PBXFrameworksBuildPhase section */

/* Begin PBXGroup section */
		830DD41FF05212E123D8189D /* Pods */ = {
			isa = PBXGroup;
			children = (
				6651EC18822DC3A6756CEDC3 /* Pods-HWS Swift Coding Challenges Tester.debug.xcconfig */,
				427B3DACBD360C6877301B46 /* Pods-HWS Swift Coding Challenges Tester.release.xcconfig */,
			);
			path = Pods;
			sourceTree = "<group>";
		};
		C44FEFDC2610602500DCA4C3 /* Constants */ = {
			isa = PBXGroup;
			children = (
				C44FEFDD2610603300DCA4C3 /* Constants.swift */,
			);
			path = Constants;
			sourceTree = "<group>";
		};
		C44FEFEA2610730400DCA4C3 /* Service */ = {
			isa = PBXGroup;
			children = (
				C44FEFEB2610731000DCA4C3 /* Service.swift */,
			);
			path = Service;
			sourceTree = "<group>";
		};
		C44FEFEE26107B6300DCA4C3 /* View Models */ = {
			isa = PBXGroup;
			children = (
				C44FEFE72610704000DCA4C3 /* ChallengeViewModel.swift */,
			);
			path = "View Models";
			sourceTree = "<group>";
		};
		C44FEFEF26107B8F00DCA4C3 /* Standards */ = {
			isa = PBXGroup;
			children = (
				C46D8C8D260F0CCE00F77633 /* BasicButton.swift */,
				C4B31E7E260F1E0A00735A9F /* BasicTextView.swift */,
			);
			path = Standards;
			sourceTree = "<group>";
		};
		C44FEFF726107F5000DCA4C3 /* Cells */ = {
			isa = PBXGroup;
			children = (
				C44FEFE1261060AF00DCA4C3 /* Section1Cell.swift */,
				C43D1FC126280696005E4938 /* SeanAllenCell.swift */,
			);
			path = Cells;
			sourceTree = "<group>";
		};
		C46D8C3D260F069100F77633 = {
			isa = PBXGroup;
			children = (
				C46D8C48260F069100F77633 /* HWS Swift Coding Challenges Tester */,
				C46D8C47260F069100F77633 /* Products */,
				830DD41FF05212E123D8189D /* Pods */,
				E6AC6CEE971E61BEDD1EBD5D /* Frameworks */,
			);
			sourceTree = "<group>";
		};
		C46D8C47260F069100F77633 /* Products */ = {
			isa = PBXGroup;
			children = (
				C46D8C46260F069100F77633 /* HWS Swift Coding Challenges Tester.app */,
			);
			name = Products;
			sourceTree = "<group>";
		};
		C46D8C48260F069100F77633 /* HWS Swift Coding Challenges Tester */ = {
			isa = PBXGroup;
			children = (
				C43D1FBA2627FF59005E4938 /* HWSTester.playground */,
				C4C1352E2611799C00097311 /* Utils */,
				C44FEFEE26107B6300DCA4C3 /* View Models */,
				C44FEFEA2610730400DCA4C3 /* Service */,
				C44FEFDC2610602500DCA4C3 /* Constants */,
				C4B31E8B260F582800735A9F /* Protocols */,
				C4B31E84260F4D4C00735A9F /* Model */,
				C46D8C91260F0D1E00F77633 /* Controller */,
				C46D8C8C260F0CC200F77633 /* Views */,
				C46D8C87260F06EF00F77633 /* Extensions */,
				C46D8C49260F069200F77633 /* AppDelegate.swift */,
				C46D8C4B260F069200F77633 /* SceneDelegate.swift */,
				C46D8C4F260F069200F77633 /* Main.storyboard */,
				C46D8C52260F069400F77633 /* Assets.xcassets */,
				C46D8C54260F069400F77633 /* LaunchScreen.storyboard */,
				C46D8C57260F069400F77633 /* Info.plist */,
			);
			path = "HWS Swift Coding Challenges Tester";
			sourceTree = "<group>";
		};
		C46D8C87260F06EF00F77633 /* Extensions */ = {
			isa = PBXGroup;
			children = (
				C46D8C88260F06FD00F77633 /* UIViewController.swift */,
				C4C135342611D92200097311 /* UserDefaults.swift */,
			);
			path = Extensions;
			sourceTree = "<group>";
		};
		C46D8C8C260F0CC200F77633 /* Views */ = {
			isa = PBXGroup;
			children = (
				C44FEFF726107F5000DCA4C3 /* Cells */,
				C44FEFEF26107B8F00DCA4C3 /* Standards */,
			);
			path = Views;
			sourceTree = "<group>";
		};
		C46D8C91260F0D1E00F77633 /* Controller */ = {
			isa = PBXGroup;
			children = (
				C4B31E53260F14A200735A9F /* MainTabController.swift */,
				C4B31E8C260F584300735A9F /* Sections */,
				C4B31E81260F4CF100735A9F /* AnswerController.swift */,
			);
			path = Controller;
			sourceTree = "<group>";
		};
		C4B31E84260F4D4C00735A9F /* Model */ = {
			isa = PBXGroup;
			children = (
				C4B31E85260F4D5400735A9F /* Challenge.swift */,
				C485D8DA261D572200C39BD6 /* ChallengeSection1.json */,
				C43D1FB72627FF1C005E4938 /* SeanAllen.json */,
			);
			path = Model;
			sourceTree = "<group>";
		};
		C4B31E8B260F582800735A9F /* Protocols */ = {
			isa = PBXGroup;
			children = (
				C4B31E88260F581800735A9F /* Protocol.swift */,
			);
			path = Protocols;
			sourceTree = "<group>";
		};
		C4B31E8C260F584300735A9F /* Sections */ = {
			isa = PBXGroup;
			children = (
				C46D8C4D260F069200F77633 /* Section1Controller.swift */,
				C4B31E70260F17FF00735A9F /* Section2Controller.swift */,
				C4B31E73260F181700735A9F /* Section3Controller.swift */,
				C4B31E76260F186600735A9F /* Section4Controller.swift */,
				C4B31E7A260F188800735A9F /* SeanAllenController.swift */,
			);
			path = Sections;
			sourceTree = "<group>";
		};
		C4C1352E2611799C00097311 /* Utils */ = {
			isa = PBXGroup;
			children = (
				C4C1352F261179BC00097311 /* UserDefaultsBacked.swift */,
			);
			path = Utils;
			sourceTree = "<group>";
		};
		E6AC6CEE971E61BEDD1EBD5D /* Frameworks */ = {
			isa = PBXGroup;
			children = (
			);
			name = Frameworks;
			sourceTree = "<group>";
		};
/* End PBXGroup section */

/* Begin PBXNativeTarget section */
		C46D8C45260F069100F77633 /* HWS Swift Coding Challenges Tester */ = {
			isa = PBXNativeTarget;
			buildConfigurationList = C46D8C5A260F069400F77633 /* Build configuration list for PBXNativeTarget "HWS Swift Coding Challenges Tester" */;
			buildPhases = (
				5A52CD35518A176F0B91CA75 /* [CP] Check Pods Manifest.lock */,
				C46D8C42260F069100F77633 /* Sources */,
				C46D8C43260F069100F77633 /* Frameworks */,
				C46D8C44260F069100F77633 /* Resources */,
			);
			buildRules = (
			);
			dependencies = (
			);
			name = "HWS Swift Coding Challenges Tester";
			productName = "HWS Swift Coding Challenges Tester";
			productReference = C46D8C46260F069100F77633 /* HWS Swift Coding Challenges Tester.app */;
			productType = "com.apple.product-type.application";
		};
/* End PBXNativeTarget section */

/* Begin PBXProject section */
		C46D8C3E260F069100F77633 /* Project object */ = {
			isa = PBXProject;
			attributes = {
				LastSwiftUpdateCheck = 1240;
				LastUpgradeCheck = 1240;
				TargetAttributes = {
					C46D8C45260F069100F77633 = {
						CreatedOnToolsVersion = 12.4;
					};
				};
			};
			buildConfigurationList = C46D8C41260F069100F77633 /* Build configuration list for PBXProject "HWS Swift Coding Challenges Tester" */;
			compatibilityVersion = "Xcode 9.3";
			developmentRegion = en;
			hasScannedForEncodings = 0;
			knownRegions = (
				en,
				Base,
			);
			mainGroup = C46D8C3D260F069100F77633;
			productRefGroup = C46D8C47260F069100F77633 /* Products */;
			projectDirPath = "";
			projectRoot = "";
			targets = (
				C46D8C45260F069100F77633 /* HWS Swift Coding Challenges Tester */,
			);
		};
/* End PBXProject section */

/* Begin PBXResourcesBuildPhase section */
		C46D8C44260F069100F77633 /* Resources */ = {
			isa = PBXResourcesBuildPhase;
			buildActionMask = 2147483647;
			files = (
				C46D8C56260F069400F77633 /* LaunchScreen.storyboard in Resources */,
				C485D8DB261D572200C39BD6 /* ChallengeSection1.json in Resources */,
				C43D1FB82627FF1C005E4938 /* SeanAllen.json in Resources */,
				C46D8C53260F069400F77633 /* Assets.xcassets in Resources */,
				C46D8C51260F069200F77633 /* Main.storyboard in Resources */,
			);
			runOnlyForDeploymentPostprocessing = 0;
		};
/* End PBXResourcesBuildPhase section */

/* Begin PBXShellScriptBuildPhase section */
		5A52CD35518A176F0B91CA75 /* [CP] Check Pods Manifest.lock */ = {
			isa = PBXShellScriptBuildPhase;
			buildActionMask = 2147483647;
			files = (
			);
			inputFileListPaths = (
			);
			inputPaths = (
				"${PODS_PODFILE_DIR_PATH}/Podfile.lock",
				"${PODS_ROOT}/Manifest.lock",
			);
			name = "[CP] Check Pods Manifest.lock";
			outputFileListPaths = (
			);
			outputPaths = (
				"$(DERIVED_FILE_DIR)/Pods-HWS Swift Coding Challenges Tester-checkManifestLockResult.txt",
			);
			runOnlyForDeploymentPostprocessing = 0;
			shellPath = /bin/sh;
			shellScript = "diff \"${PODS_PODFILE_DIR_PATH}/Podfile.lock\" \"${PODS_ROOT}/Manifest.lock\" > /dev/null\nif [ $? != 0 ] ; then\n    # print error to STDERR\n    echo \"error: The sandbox is not in sync with the Podfile.lock. Run 'pod install' or update your CocoaPods installation.\" >&2\n    exit 1\nfi\n# This output is used by Xcode 'outputs' to avoid re-running this script phase.\necho \"SUCCESS\" > \"${SCRIPT_OUTPUT_FILE_0}\"\n";
			showEnvVarsInLog = 0;
		};
/* End PBXShellScriptBuildPhase section */

/* Begin PBXSourcesBuildPhase section */
		C46D8C42260F069100F77633 /* Sources */ = {
			isa = PBXSourcesBuildPhase;
			buildActionMask = 2147483647;
			files = (
				C4B31E71260F17FF00735A9F /* Section2Controller.swift in Sources */,
				C4B31E86260F4D5400735A9F /* Challenge.swift in Sources */,
				C44FEFF526107CFA00DCA4C3 /* ChallengeViewModel.swift in Sources */,
				C46D8C8E260F0CCE00F77633 /* BasicButton.swift in Sources */,
				C4B31E89260F581800735A9F /* Protocol.swift in Sources */,
				C4C135352611D92200097311 /* UserDefaults.swift in Sources */,
				C4B31E54260F14A200735A9F /* MainTabController.swift in Sources */,
				C44FEFDE2610603300DCA4C3 /* Constants.swift in Sources */,
				C43D1FC226280696005E4938 /* SeanAllenCell.swift in Sources */,
				C4B31E7B260F188800735A9F /* SeanAllenController.swift in Sources */,
				C46D8C4A260F069200F77633 /* AppDelegate.swift in Sources */,
				C4B31E57260F14CD00735A9F /* Section1Controller.swift in Sources */,
				C43D1FBF26280648005E4938 /* Section1Cell.swift in Sources */,
				C44FEFEC2610731000DCA4C3 /* Service.swift in Sources */,
				C46D8C89260F06FD00F77633 /* UIViewController.swift in Sources */,
				C4B31E7F260F1E0A00735A9F /* BasicTextView.swift in Sources */,
				C46D8C4C260F069200F77633 /* SceneDelegate.swift in Sources */,
				C4B31E74260F181700735A9F /* Section3Controller.swift in Sources */,
				C4C13530261179BC00097311 /* UserDefaultsBacked.swift in Sources */,
				C44FF0002610878300DCA4C3 /* AnswerController.swift in Sources */,
				C4B31E77260F186600735A9F /* Section4Controller.swift in Sources */,
			);
			runOnlyForDeploymentPostprocessing = 0;
		};
/* End PBXSourcesBuildPhase section */

/* Begin PBXVariantGroup section */
		C46D8C4F260F069200F77633 /* Main.storyboard */ = {
			isa = PBXVariantGroup;
			children = (
				C46D8C50260F069200F77633 /* Base */,
			);
			name = Main.storyboard;
			sourceTree = "<group>";
		};
		C46D8C54260F069400F77633 /* LaunchScreen.storyboard */ = {
			isa = PBXVariantGroup;
			children = (
				C46D8C55260F069400F77633 /* Base */,
			);
			name = LaunchScreen.storyboard;
			sourceTree = "<group>";
		};
/* End PBXVariantGroup section */

/* Begin XCBuildConfiguration section */
		C46D8C58260F069400F77633 /* Debug */ = {
			isa = XCBuildConfiguration;
			buildSettings = {
				ALWAYS_SEARCH_USER_PATHS = NO;
				CLANG_ANALYZER_NONNULL = YES;
				CLANG_ANALYZER_NUMBER_OBJECT_CONVERSION = YES_AGGRESSIVE;
				CLANG_CXX_LANGUAGE_STANDARD = "gnu++14";
				CLANG_CXX_LIBRARY = "libc++";
				CLANG_ENABLE_MODULES = YES;
				CLANG_ENABLE_OBJC_ARC = YES;
				CLANG_ENABLE_OBJC_WEAK = YES;
				CLANG_WARN_BLOCK_CAPTURE_AUTORELEASING = YES;
				CLANG_WARN_BOOL_CONVERSION = YES;
				CLANG_WARN_COMMA = YES;
				CLANG_WARN_CONSTANT_CONVERSION = YES;
				CLANG_WARN_DEPRECATED_OBJC_IMPLEMENTATIONS = YES;
				CLANG_WARN_DIRECT_OBJC_ISA_USAGE = YES_ERROR;
				CLANG_WARN_DOCUMENTATION_COMMENTS = YES;
				CLANG_WARN_EMPTY_BODY = YES;
				CLANG_WARN_ENUM_CONVERSION = YES;
				CLANG_WARN_INFINITE_RECURSION = YES;
				CLANG_WARN_INT_CONVERSION = YES;
				CLANG_WARN_NON_LITERAL_NULL_CONVERSION = YES;
				CLANG_WARN_OBJC_IMPLICIT_RETAIN_SELF = YES;
				CLANG_WARN_OBJC_LITERAL_CONVERSION = YES;
				CLANG_WARN_OBJC_ROOT_CLASS = YES_ERROR;
				CLANG_WARN_QUOTED_INCLUDE_IN_FRAMEWORK_HEADER = YES;
				CLANG_WARN_RANGE_LOOP_ANALYSIS = YES;
				CLANG_WARN_STRICT_PROTOTYPES = YES;
				CLANG_WARN_SUSPICIOUS_MOVE = YES;
				CLANG_WARN_UNGUARDED_AVAILABILITY = YES_AGGRESSIVE;
				CLANG_WARN_UNREACHABLE_CODE = YES;
				CLANG_WARN__DUPLICATE_METHOD_MATCH = YES;
				COPY_PHASE_STRIP = NO;
				DEBUG_INFORMATION_FORMAT = dwarf;
				ENABLE_STRICT_OBJC_MSGSEND = YES;
				ENABLE_TESTABILITY = YES;
				GCC_C_LANGUAGE_STANDARD = gnu11;
				GCC_DYNAMIC_NO_PIC = NO;
				GCC_NO_COMMON_BLOCKS = YES;
				GCC_OPTIMIZATION_LEVEL = 0;
				GCC_PREPROCESSOR_DEFINITIONS = (
					"DEBUG=1",
					"$(inherited)",
				);
				GCC_WARN_64_TO_32_BIT_CONVERSION = YES;
				GCC_WARN_ABOUT_RETURN_TYPE = YES_ERROR;
				GCC_WARN_UNDECLARED_SELECTOR = YES;
				GCC_WARN_UNINITIALIZED_AUTOS = YES_AGGRESSIVE;
				GCC_WARN_UNUSED_FUNCTION = YES;
				GCC_WARN_UNUSED_VARIABLE = YES;
				IPHONEOS_DEPLOYMENT_TARGET = 14.4;
				MTL_ENABLE_DEBUG_INFO = INCLUDE_SOURCE;
				MTL_FAST_MATH = YES;
				ONLY_ACTIVE_ARCH = YES;
				SDKROOT = iphoneos;
				SWIFT_ACTIVE_COMPILATION_CONDITIONS = DEBUG;
				SWIFT_OPTIMIZATION_LEVEL = "-Onone";
			};
			name = Debug;
		};
		C46D8C59260F069400F77633 /* Release */ = {
			isa = XCBuildConfiguration;
			buildSettings = {
				ALWAYS_SEARCH_USER_PATHS = NO;
				CLANG_ANALYZER_NONNULL = YES;
				CLANG_ANALYZER_NUMBER_OBJECT_CONVERSION = YES_AGGRESSIVE;
				CLANG_CXX_LANGUAGE_STANDARD = "gnu++14";
				CLANG_CXX_LIBRARY = "libc++";
				CLANG_ENABLE_MODULES = YES;
				CLANG_ENABLE_OBJC_ARC = YES;
				CLANG_ENABLE_OBJC_WEAK = YES;
				CLANG_WARN_BLOCK_CAPTURE_AUTORELEASING = YES;
				CLANG_WARN_BOOL_CONVERSION = YES;
				CLANG_WARN_COMMA = YES;
				CLANG_WARN_CONSTANT_CONVERSION = YES;
				CLANG_WARN_DEPRECATED_OBJC_IMPLEMENTATIONS = YES;
				CLANG_WARN_DIRECT_OBJC_ISA_USAGE = YES_ERROR;
				CLANG_WARN_DOCUMENTATION_COMMENTS = YES;
				CLANG_WARN_EMPTY_BODY = YES;
				CLANG_WARN_ENUM_CONVERSION = YES;
				CLANG_WARN_INFINITE_RECURSION = YES;
				CLANG_WARN_INT_CONVERSION = YES;
				CLANG_WARN_NON_LITERAL_NULL_CONVERSION = YES;
				CLANG_WARN_OBJC_IMPLICIT_RETAIN_SELF = YES;
				CLANG_WARN_OBJC_LITERAL_CONVERSION = YES;
				CLANG_WARN_OBJC_ROOT_CLASS = YES_ERROR;
				CLANG_WARN_QUOTED_INCLUDE_IN_FRAMEWORK_HEADER = YES;
				CLANG_WARN_RANGE_LOOP_ANALYSIS = YES;
				CLANG_WARN_STRICT_PROTOTYPES = YES;
				CLANG_WARN_SUSPICIOUS_MOVE = YES;
				CLANG_WARN_UNGUARDED_AVAILABILITY = YES_AGGRESSIVE;
				CLANG_WARN_UNREACHABLE_CODE = YES;
				CLANG_WARN__DUPLICATE_METHOD_MATCH = YES;
				COPY_PHASE_STRIP = NO;
				DEBUG_INFORMATION_FORMAT = "dwarf-with-dsym";
				ENABLE_NS_ASSERTIONS = NO;
				ENABLE_STRICT_OBJC_MSGSEND = YES;
				GCC_C_LANGUAGE_STANDARD = gnu11;
				GCC_NO_COMMON_BLOCKS = YES;
				GCC_WARN_64_TO_32_BIT_CONVERSION = YES;
				GCC_WARN_ABOUT_RETURN_TYPE = YES_ERROR;
				GCC_WARN_UNDECLARED_SELECTOR = YES;
				GCC_WARN_UNINITIALIZED_AUTOS = YES_AGGRESSIVE;
				GCC_WARN_UNUSED_FUNCTION = YES;
				GCC_WARN_UNUSED_VARIABLE = YES;
				IPHONEOS_DEPLOYMENT_TARGET = 14.4;
				MTL_ENABLE_DEBUG_INFO = NO;
				MTL_FAST_MATH = YES;
				SDKROOT = iphoneos;
				SWIFT_COMPILATION_MODE = wholemodule;
				SWIFT_OPTIMIZATION_LEVEL = "-O";
				VALIDATE_PRODUCT = YES;
			};
			name = Release;
		};
		C46D8C5B260F069400F77633 /* Debug */ = {
			isa = XCBuildConfiguration;
			baseConfigurationReference = 6651EC18822DC3A6756CEDC3 /* Pods-HWS Swift Coding Challenges Tester.debug.xcconfig */;
			buildSettings = {
				ASSETCATALOG_COMPILER_APPICON_NAME = AppIcon;
				ASSETCATALOG_COMPILER_GLOBAL_ACCENT_COLOR_NAME = AccentColor;
				CODE_SIGN_STYLE = Automatic;
				DEVELOPMENT_TEAM = Q8WR79NDSZ;
				INFOPLIST_FILE = "HWS Swift Coding Challenges Tester/Info.plist";
				LD_RUNPATH_SEARCH_PATHS = (
					"$(inherited)",
					"@executable_path/Frameworks",
				);
				PRODUCT_BUNDLE_IDENTIFIER = "com.myrondulay.HWS-Swift-Coding-Challenges-Tester";
				PRODUCT_NAME = "$(TARGET_NAME)";
				SWIFT_VERSION = 5.0;
				TARGETED_DEVICE_FAMILY = "1,2";
			};
			name = Debug;
		};
		C46D8C5C260F069400F77633 /* Release */ = {
			isa = XCBuildConfiguration;
			baseConfigurationReference = 427B3DACBD360C6877301B46 /* Pods-HWS Swift Coding Challenges Tester.release.xcconfig */;
			buildSettings = {
				ASSETCATALOG_COMPILER_APPICON_NAME = AppIcon;
				ASSETCATALOG_COMPILER_GLOBAL_ACCENT_COLOR_NAME = AccentColor;
				CODE_SIGN_STYLE = Automatic;
				DEVELOPMENT_TEAM = Q8WR79NDSZ;
				INFOPLIST_FILE = "HWS Swift Coding Challenges Tester/Info.plist";
				LD_RUNPATH_SEARCH_PATHS = (
					"$(inherited)",
					"@executable_path/Frameworks",
				);
				PRODUCT_BUNDLE_IDENTIFIER = "com.myrondulay.HWS-Swift-Coding-Challenges-Tester";
				PRODUCT_NAME = "$(TARGET_NAME)";
				SWIFT_VERSION = 5.0;
				TARGETED_DEVICE_FAMILY = "1,2";
			};
			name = Release;
		};
/* End XCBuildConfiguration section */

/* Begin XCConfigurationList section */
		C46D8C41260F069100F77633 /* Build configuration list for PBXProject "HWS Swift Coding Challenges Tester" */ = {
			isa = XCConfigurationList;
			buildConfigurations = (
				C46D8C58260F069400F77633 /* Debug */,
				C46D8C59260F069400F77633 /* Release */,
			);
			defaultConfigurationIsVisible = 0;
			defaultConfigurationName = Release;
		};
		C46D8C5A260F069400F77633 /* Build configuration list for PBXNativeTarget "HWS Swift Coding Challenges Tester" */ = {
			isa = XCConfigurationList;
			buildConfigurations = (
				C46D8C5B260F069400F77633 /* Debug */,
				C46D8C5C260F069400F77633 /* Release */,
			);
			defaultConfigurationIsVisible = 0;
			defaultConfigurationName = Release;
		};
/* End XCConfigurationList section */
	};
	rootObject = C46D8C3E260F069100F77633 /* Project object */;
}
